{
  "version": 4,
  "terraform_version": "1.0.0",
  "serial": 212,
  "lineage": "c582a18d-d9db-16a4-de01-a81a2e05ea5f",
  "outputs": {
    "access_key": {
      "value": "AKIA5VJQYWOM432OV3NN",
      "type": "string"
    },
    "s3-bucket-arn": {
      "value": "arn:aws:s3:::mysql-backup-jenkins-omar",
      "type": "string"
    },
    "secret-access-key-base64": {
      "value": "wcBMAwbCjKZlthxNAQgAksWhO4wHcUfXF69F/WpmX5eZ7qN4e9A7CwrN5rNdPlzMzePKxmVm0CbWBl5EaKsfaE2cCciVGDS4ORKV9Cls8j4XwxJBP6uduU7rlwJB7uuKkB5ArpOxzMrGg0UG2pjiAHlVGHbJKzUou5o2/JSOqxmPJQpHrESrdPFT5cVHGEvccU34FLV5GKNPfMnX/HofKQzjtzaidVYGjg+JHPsp9Wb4atZWe39ZkDJDxSYfgV0A9QlpZD+2ZIDUam1/rZnfBNd3Qg1FAOfj5X4vAWpzCjdx2VcxjpQVRhNF9d4yZrMVNZrwDIqwhsqvSR8dJd6nmSDR8Tc4qq+ozSwLRr/M0NJZAbp8wmcp+xfKeeoN/1ypan/QbGJTqIMmhdCpICgUN0nVVSxrv63HH/3+dK0enqBjtj+Xl/j0nK90/PMPNKUCgADjpVNC8Yc4WrirBvdGbk6su9JsaWBkloM=",
      "type": "string"
    }
  },
  "resources": [
    {
      "mode": "data",
      "type": "aws_ami",
      "name": "amazon_linux",
      "provider": "provider[\"registry.terraform.io/hashicorp/aws\"]",
      "instances": [
        {
          "schema_version": 0,
          "attributes": {
            "architecture": "x86_64",
            "arn": "arn:aws:ec2:eu-west-2::image/ami-03e88be9ecff64781",
            "block_device_mappings": [
              {
                "device_name": "/dev/xvda",
                "ebs": {
                  "delete_on_termination": "true",
                  "encrypted": "false",
                  "iops": "0",
                  "snapshot_id": "snap-0e4491a9b1058339f",
                  "throughput": "0",
                  "volume_size": "8",
                  "volume_type": "gp2"
                },
                "no_device": "",
                "virtual_name": ""
              }
            ],
            "boot_mode": "",
            "creation_date": "2022-03-16T03:31:42.000Z",
            "description": "Amazon Linux 2 Kernel 5.10 AMI 2.0.20220316.0 x86_64 HVM gp2",
            "ena_support": true,
            "executable_users": null,
            "filter": [
              {
                "name": "name",
                "values": [
                  "amzn2-ami-kernel-5.10-hvm-2.0.20220316.0-x86_64-gp2"
                ]
              }
            ],
            "hypervisor": "xen",
            "id": "ami-03e88be9ecff64781",
            "image_id": "ami-03e88be9ecff64781",
            "image_location": "amazon/amzn2-ami-kernel-5.10-hvm-2.0.20220316.0-x86_64-gp2",
            "image_owner_alias": "amazon",
            "image_type": "machine",
            "kernel_id": null,
            "most_recent": true,
            "name": "amzn2-ami-kernel-5.10-hvm-2.0.20220316.0-x86_64-gp2",
            "name_regex": null,
            "owner_id": "137112412989",
            "owners": [
              "amazon"
            ],
            "platform": null,
            "platform_details": "Linux/UNIX",
            "product_codes": [],
            "public": true,
            "ramdisk_id": null,
            "root_device_name": "/dev/xvda",
            "root_device_type": "ebs",
            "root_snapshot_id": "snap-0e4491a9b1058339f",
            "sriov_net_support": "simple",
            "state": "available",
            "state_reason": {
              "code": "UNSET",
              "message": "UNSET"
            },
            "tags": {},
            "usage_operation": "RunInstances",
            "virtualization_type": "hvm"
          },
          "sensitive_attributes": []
        }
      ]
    },
    {
      "mode": "data",
      "type": "aws_key_pair",
      "name": "jenkins_keyPair",
      "provider": "provider[\"registry.terraform.io/hashicorp/aws\"]",
      "instances": [
        {
          "schema_version": 0,
          "attributes": {
            "arn": "arn:aws:ec2:eu-west-2:939089507225:key-pair/jenkins",
            "filter": [
              {
                "name": "tag:Name",
                "values": [
                  "Jenkins"
                ]
              }
            ],
            "fingerprint": "ca:5b:c1:64:4a:60:d4:b7:4f:05:c2:79:d9:1e:89:f0:22:f5:93:6b",
            "id": "key-0a8eefaf27f529b06",
            "key_name": "jenkins",
            "key_pair_id": "key-0a8eefaf27f529b06",
            "tags": {
              "Name": "Jenkins"
            }
          },
          "sensitive_attributes": []
        }
      ]
    },
    {
      "mode": "managed",
      "type": "aws_iam_access_key",
      "name": "s3-user-access-key",
      "provider": "provider[\"registry.terraform.io/hashicorp/aws\"]",
      "instances": [
        {
          "schema_version": 0,
          "attributes": {
            "create_date": "2022-04-04T13:15:00Z",
            "encrypted_secret": "wcBMAwbCjKZlthxNAQgAksWhO4wHcUfXF69F/WpmX5eZ7qN4e9A7CwrN5rNdPlzMzePKxmVm0CbWBl5EaKsfaE2cCciVGDS4ORKV9Cls8j4XwxJBP6uduU7rlwJB7uuKkB5ArpOxzMrGg0UG2pjiAHlVGHbJKzUou5o2/JSOqxmPJQpHrESrdPFT5cVHGEvccU34FLV5GKNPfMnX/HofKQzjtzaidVYGjg+JHPsp9Wb4atZWe39ZkDJDxSYfgV0A9QlpZD+2ZIDUam1/rZnfBNd3Qg1FAOfj5X4vAWpzCjdx2VcxjpQVRhNF9d4yZrMVNZrwDIqwhsqvSR8dJd6nmSDR8Tc4qq+ozSwLRr/M0NJZAbp8wmcp+xfKeeoN/1ypan/QbGJTqIMmhdCpICgUN0nVVSxrv63HH/3+dK0enqBjtj+Xl/j0nK90/PMPNKUCgADjpVNC8Yc4WrirBvdGbk6su9JsaWBkloM=",
            "encrypted_ses_smtp_password_v4": "wcBMAwbCjKZlthxNAQf+PaeRfvG5vNQbusFqVjfPuB4oe+ipeWAQvDIWXS53nJoGEh/YjHLIyJJQigxiK6hDLJvOPNODjnWSdDZktbwFlXGSRzv3GY+bfLbX6BPDm/NFRTuSMPMAAgXGkaql7jw/U7CLxsj6uD5NbPZiinRV8z+ZRWsOUhe653enFPQ3GkYcjbN0nKBSMywFiJvi3mj+yrMG9iIpT5PDUog5tGvPE+VvxgFfo4NQXAGNxo6J2qgB9uLjbtrmsthVd4X9gdv4t029Ah8B2zejlAVunOBLGvelqaWzEbB/WugdEjEDI8tFDN1LRD/gcEHZcwCuJu9OcYNL//twtPgXh4GY9mXe7tJdAR6Rne0GubLdlAcPY8GQEvSNBXPKyeAwJNYqyPse5lpT2mV03eZcKl/mFNDzAzSW8OsNj3q+vRk2zEOCD5caYOrIaoH2D1Y3HBqtD2lF9RBrY3+c+S4a0/4KWucL",
            "id": "AKIA5VJQYWOM432OV3NN",
            "key_fingerprint": "013ec2da65a91ed4d0462b6600c891bf605b9d6b",
            "pgp_key": "keybase:onoureldin_",
            "secret": null,
            "ses_smtp_password_v4": null,
            "status": "Active",
            "user": "s3-access-user"
          },
          "sensitive_attributes": [],
          "private": "bnVsbA==",
          "dependencies": [
            "aws_iam_user.s3-user"
          ]
        }
      ]
    },
    {
      "mode": "managed",
      "type": "aws_iam_user",
      "name": "s3-user",
      "provider": "provider[\"registry.terraform.io/hashicorp/aws\"]",
      "instances": [
        {
          "schema_version": 0,
          "attributes": {
            "arn": "arn:aws:iam::939089507225:user/s3-access-user",
            "force_destroy": false,
            "id": "s3-access-user",
            "name": "s3-access-user",
            "path": "/",
            "permissions_boundary": null,
            "tags": null,
            "tags_all": {},
            "unique_id": "AIDA5VJQYWOMR74T6JXBO"
          },
          "sensitive_attributes": [],
          "private": "bnVsbA=="
        }
      ]
    },
    {
      "mode": "managed",
      "type": "aws_iam_user_policy",
      "name": "s3-full-access",
      "provider": "provider[\"registry.terraform.io/hashicorp/aws\"]",
      "instances": [
        {
          "schema_version": 0,
          "attributes": {
            "id": "s3-access-user:s3-full-access",
            "name": "s3-full-access",
            "name_prefix": null,
            "policy": "{\n    \"Version\": \"2012-10-17\",\n    \"Statement\": [\n        {\n            \"Effect\": \"Allow\",\n            \"Action\": [\n                \"s3:*\",\n                \"s3-object-lambda:*\"\n            ],\n            \"Resource\": \"*\"\n        }\n    ]\n}\n",
            "user": "s3-access-user"
          },
          "sensitive_attributes": [],
          "private": "bnVsbA==",
          "dependencies": [
            "aws_iam_user.s3-user"
          ]
        }
      ]
    },
    {
      "mode": "managed",
      "type": "aws_instance",
      "name": "ec2",
      "provider": "provider[\"registry.terraform.io/hashicorp/aws\"]",
      "instances": [
        {
          "schema_version": 1,
          "attributes": {
            "ami": "ami-03e88be9ecff64781",
            "arn": "arn:aws:ec2:eu-west-2:939089507225:instance/i-0ddf12b03ad32f040",
            "associate_public_ip_address": true,
            "availability_zone": "eu-west-2b",
            "capacity_reservation_specification": [
              {
                "capacity_reservation_preference": "open",
                "capacity_reservation_target": []
              }
            ],
            "cpu_core_count": 1,
            "cpu_threads_per_core": 1,
            "credit_specification": [
              {
                "cpu_credits": "standard"
              }
            ],
            "disable_api_termination": false,
            "ebs_block_device": [],
            "ebs_optimized": false,
            "enclave_options": [
              {
                "enabled": false
              }
            ],
            "ephemeral_block_device": [],
            "get_password_data": false,
            "hibernation": false,
            "host_id": null,
            "iam_instance_profile": "",
            "id": "i-0ddf12b03ad32f040",
            "instance_initiated_shutdown_behavior": "stop",
            "instance_state": "running",
            "instance_type": "t2.micro",
            "ipv6_address_count": 0,
            "ipv6_addresses": [],
            "key_name": "jenkins",
            "launch_template": [],
            "metadata_options": [
              {
                "http_endpoint": "enabled",
                "http_put_response_hop_limit": 1,
                "http_tokens": "optional",
                "instance_metadata_tags": "disabled"
              }
            ],
            "monitoring": false,
            "network_interface": [],
            "outpost_arn": "",
            "password_data": "",
            "placement_group": "",
            "placement_partition_number": null,
            "primary_network_interface_id": "eni-096f7a237fd87c9b3",
            "private_dns": "ip-172-31-39-108.eu-west-2.compute.internal",
            "private_ip": "172.31.39.108",
            "public_dns": "ec2-35-179-92-52.eu-west-2.compute.amazonaws.com",
            "public_ip": "35.179.92.52",
            "root_block_device": [
              {
                "delete_on_termination": true,
                "device_name": "/dev/xvda",
                "encrypted": false,
                "iops": 100,
                "kms_key_id": "",
                "tags": {},
                "throughput": 0,
                "volume_id": "vol-088d998a53c558aa5",
                "volume_size": 8,
                "volume_type": "gp2"
              }
            ],
            "secondary_private_ips": [],
            "security_groups": [
              "allow_tls"
            ],
            "source_dest_check": true,
            "subnet_id": "subnet-6229d02e",
            "tags": {
              "Name": "Project-Omar"
            },
            "tags_all": {
              "Name": "Project-Omar"
            },
            "tenancy": "default",
            "timeouts": null,
            "user_data": "b204724772f134fc0a8d55a8707d0919a5c55484",
            "user_data_base64": null,
            "user_data_replace_on_change": false,
            "volume_tags": null,
            "vpc_security_group_ids": [
              "sg-05cb640de4607c108"
            ]
          },
          "sensitive_attributes": [],
          "private": "eyJlMmJmYjczMC1lY2FhLTExZTYtOGY4OC0zNDM2M2JjN2M0YzAiOnsiY3JlYXRlIjo2MDAwMDAwMDAwMDAsImRlbGV0ZSI6MTIwMDAwMDAwMDAwMCwidXBkYXRlIjo2MDAwMDAwMDAwMDB9LCJzY2hlbWFfdmVyc2lvbiI6IjEifQ==",
          "dependencies": [
            "aws_security_group.allow_tcp",
            "data.aws_ami.amazon_linux",
            "data.aws_key_pair.jenkins_keyPair"
          ]
        }
      ]
    },
    {
      "mode": "managed",
      "type": "aws_s3_bucket",
      "name": "mysql-backup-bucket",
      "provider": "provider[\"registry.terraform.io/hashicorp/aws\"]",
      "instances": [
        {
          "schema_version": 0,
          "attributes": {
            "acceleration_status": "",
            "acl": "private",
            "arn": "arn:aws:s3:::mysql-backup-jenkins-omar",
            "bucket": "mysql-backup-jenkins-omar",
            "bucket_domain_name": "mysql-backup-jenkins-omar.s3.amazonaws.com",
            "bucket_prefix": null,
            "bucket_regional_domain_name": "mysql-backup-jenkins-omar.s3.eu-west-2.amazonaws.com",
            "cors_rule": [],
            "force_destroy": false,
            "grant": [],
            "hosted_zone_id": "Z3GKZC51ZF0DB4",
            "id": "mysql-backup-jenkins-omar",
            "lifecycle_rule": [],
            "logging": [],
            "object_lock_configuration": [],
            "object_lock_enabled": false,
            "policy": "",
            "region": "eu-west-2",
            "replication_configuration": [],
            "request_payer": "BucketOwner",
            "server_side_encryption_configuration": [],
            "tags": null,
            "tags_all": {},
            "versioning": [
              {
                "enabled": false,
                "mfa_delete": false
              }
            ],
            "website": [],
            "website_domain": null,
            "website_endpoint": null
          },
          "sensitive_attributes": [],
          "private": "bnVsbA=="
        }
      ]
    },
    {
      "mode": "managed",
      "type": "aws_security_group",
      "name": "allow_tcp",
      "provider": "provider[\"registry.terraform.io/hashicorp/aws\"]",
      "instances": [
        {
          "schema_version": 1,
          "attributes": {
            "arn": "arn:aws:ec2:eu-west-2:939089507225:security-group/sg-05cb640de4607c108",
            "description": "Allow TLS inbound traffic",
            "egress": [
              {
                "cidr_blocks": [
                  "0.0.0.0/0"
                ],
                "description": "SSH from VPC",
                "from_port": 0,
                "ipv6_cidr_blocks": [],
                "prefix_list_ids": [],
                "protocol": "tcp",
                "security_groups": [],
                "self": false,
                "to_port": 65535
              }
            ],
            "id": "sg-05cb640de4607c108",
            "ingress": [
              {
                "cidr_blocks": [
                  "0.0.0.0/0"
                ],
                "description": "SSH from VPC",
                "from_port": 22,
                "ipv6_cidr_blocks": [],
                "prefix_list_ids": [],
                "protocol": "tcp",
                "security_groups": [],
                "self": false,
                "to_port": 22
              },
              {
                "cidr_blocks": [
                  "84.71.108.229/32"
                ],
                "description": "TLS from VPC",
                "from_port": 8080,
                "ipv6_cidr_blocks": [],
                "prefix_list_ids": [],
                "protocol": "tcp",
                "security_groups": [],
                "self": false,
                "to_port": 8080
              }
            ],
            "name": "allow_tls",
            "name_prefix": "",
            "owner_id": "939089507225",
            "revoke_rules_on_delete": false,
            "tags": null,
            "tags_all": {},
            "timeouts": null,
            "vpc_id": "vpc-0412766c"
          },
          "sensitive_attributes": [],
          "private": "eyJlMmJmYjczMC1lY2FhLTExZTYtOGY4OC0zNDM2M2JjN2M0YzAiOnsiY3JlYXRlIjo2MDAwMDAwMDAwMDAsImRlbGV0ZSI6OTAwMDAwMDAwMDAwfSwic2NoZW1hX3ZlcnNpb24iOiIxIn0="
        }
      ]
    }
  ]
}
